
Microsoft Visual Studio Solution File, Format Version 12.00
# Visual Studio Version 16
VisualStudioVersion = 16.0.31624.102
MinimumVisualStudioVersion = 10.0.40219.1
Project("{FAE04EC0-301F-11D3-BF4B-00C04F79EFBC}") = "ShortNotes", "ShortNotes\ShortNotes.csproj", "{60FA5533-30CE-4135-8DEE-B51611538C3B}"
EndProject
Global
	GlobalSection(SolutionConfigurationPlatforms) = preSolution
		Debug|Any CPU = Debug|Any CPU
		Release|Any CPU = Release|Any CPU
	EndGlobalSection
	GlobalSection(ProjectConfigurationPlatforms) = postSolution
		{60FA5533-30CE-4135-8DEE-B51611538C3B}.Debug|Any CPU.ActiveCfg = Debug|Any CPU
		{60FA5533-30CE-4135-8DEE-B51611538C3B}.Debug|Any CPU.Build.0 = Debug|Any CPU
		{60FA5533-30CE-4135-8DEE-B51611538C3B}.Release|Any CPU.ActiveCfg = Release|Any CPU
		{60FA5533-30CE-4135-8DEE-B51611538C3B}.Release|Any CPU.Build.0 = Release|Any CPU
	EndGlobalSection
	GlobalSection(SolutionProperties) = preSolution
		HideSolutionNode = FALSE
	EndGlobalSection
	GlobalSection(ExtensibilityGlobals) = postSolution
		SolutionGuid = {BE167FF5-20F1-44F6-AD33-74DA6A373A15}
	EndGlobalSection
EndGlobal
